// !$*UTF8*$!
{
	archiveVersion = 1;
	classes = {
	};
	objectVersion = 56;
	objects = {

/* Begin PBXBuildFile section */
		1E823A052C1AF9AF0005B2FF /* LBCTechnicalTestApp.swift in Sources */ = {isa = PBXBuildFile; fileRef = 1E823A042C1AF9AF0005B2FF /* LBCTechnicalTestApp.swift */; };
		1E823A092C1AF9B50005B2FF /* Assets.xcassets in Resources */ = {isa = PBXBuildFile; fileRef = 1E823A082C1AF9B50005B2FF /* Assets.xcassets */; };
		1E823A0C2C1AF9B50005B2FF /* Preview Assets.xcassets in Resources */ = {isa = PBXBuildFile; fileRef = 1E823A0B2C1AF9B50005B2FF /* Preview Assets.xcassets */; };
		1E823A302C1AFAC30005B2FF /* NetworkError.swift in Sources */ = {isa = PBXBuildFile; fileRef = 1E823A2F2C1AFAC30005B2FF /* NetworkError.swift */; };
		1E823A322C1AFAD30005B2FF /* NetworkClientProtocol.swift in Sources */ = {isa = PBXBuildFile; fileRef = 1E823A312C1AFAD30005B2FF /* NetworkClientProtocol.swift */; };
		1E823A342C1AFADE0005B2FF /* NetworkClient.swift in Sources */ = {isa = PBXBuildFile; fileRef = 1E823A332C1AFADE0005B2FF /* NetworkClient.swift */; };
		1E823A382C1AFB1F0005B2FF /* AdDTO.swift in Sources */ = {isa = PBXBuildFile; fileRef = 1E823A372C1AFB1F0005B2FF /* AdDTO.swift */; };
		1E823A3A2C1AFB2C0005B2FF /* CategoryDTO.swift in Sources */ = {isa = PBXBuildFile; fileRef = 1E823A392C1AFB2C0005B2FF /* CategoryDTO.swift */; };
		1E823A3E2C1AFB590005B2FF /* CategoriesServiceProtocol.swift in Sources */ = {isa = PBXBuildFile; fileRef = 1E823A3D2C1AFB590005B2FF /* CategoriesServiceProtocol.swift */; };
		1E823A402C1AFB640005B2FF /* CategoriesService.swift in Sources */ = {isa = PBXBuildFile; fileRef = 1E823A3F2C1AFB640005B2FF /* CategoriesService.swift */; };
		1E823A422C1AFB770005B2FF /* AdsServiceProtocol.swift in Sources */ = {isa = PBXBuildFile; fileRef = 1E823A412C1AFB770005B2FF /* AdsServiceProtocol.swift */; };
		1E823A442C1AFB870005B2FF /* AdsService.swift in Sources */ = {isa = PBXBuildFile; fileRef = 1E823A432C1AFB870005B2FF /* AdsService.swift */; };
		1E823A472C1AFBAC0005B2FF /* AdModel.swift in Sources */ = {isa = PBXBuildFile; fileRef = 1E823A462C1AFBAC0005B2FF /* AdModel.swift */; };
		1E823A492C1AFBBA0005B2FF /* CategoryModel.swift in Sources */ = {isa = PBXBuildFile; fileRef = 1E823A482C1AFBBA0005B2FF /* CategoryModel.swift */; };
		1E823A4F2C1AFCF50005B2FF /* String+Extension.swift in Sources */ = {isa = PBXBuildFile; fileRef = 1E823A4E2C1AFCF50005B2FF /* String+Extension.swift */; };
		1E823A512C1AFD7F0005B2FF /* AdsListViewModel.swift in Sources */ = {isa = PBXBuildFile; fileRef = 1E823A502C1AFD7F0005B2FF /* AdsListViewModel.swift */; };
		1E823A532C1AFD8C0005B2FF /* AdsListView.swift in Sources */ = {isa = PBXBuildFile; fileRef = 1E823A522C1AFD8C0005B2FF /* AdsListView.swift */; };
		1E823A552C1AFD9C0005B2FF /* AdViewModel.swift in Sources */ = {isa = PBXBuildFile; fileRef = 1E823A542C1AFD9C0005B2FF /* AdViewModel.swift */; };
		1E823A572C1AFDAD0005B2FF /* AdView.swift in Sources */ = {isa = PBXBuildFile; fileRef = 1E823A562C1AFDAD0005B2FF /* AdView.swift */; };
		1E823A5A2C1B04AC0005B2FF /* URLImageView.swift in Sources */ = {isa = PBXBuildFile; fileRef = 1E823A592C1B04AC0005B2FF /* URLImageView.swift */; };
		1E823A5C2C1B04E10005B2FF /* ImageLoader.swift in Sources */ = {isa = PBXBuildFile; fileRef = 1E823A5B2C1B04E10005B2FF /* ImageLoader.swift */; };
		1E823A5E2C1B08CB0005B2FF /* AdDetailsViewModel.swift in Sources */ = {isa = PBXBuildFile; fileRef = 1E823A5D2C1B08CB0005B2FF /* AdDetailsViewModel.swift */; };
		1E823A602C1B08DE0005B2FF /* AdDetailsView.swift in Sources */ = {isa = PBXBuildFile; fileRef = 1E823A5F2C1B08DE0005B2FF /* AdDetailsView.swift */; };
		1E823A622C1B280F0005B2FF /* CategoriesRepository.swift in Sources */ = {isa = PBXBuildFile; fileRef = 1E823A612C1B280F0005B2FF /* CategoriesRepository.swift */; };
		1E823A692C1B79BF0005B2FF /* MockAdsService.swift in Sources */ = {isa = PBXBuildFile; fileRef = 1E823A682C1B79BF0005B2FF /* MockAdsService.swift */; };
		1E823A6B2C1B79D90005B2FF /* AdsServiceTest.swift in Sources */ = {isa = PBXBuildFile; fileRef = 1E823A6A2C1B79D90005B2FF /* AdsServiceTest.swift */; };
		1E823A6E2C1B7C880005B2FF /* MockCategoriesService.swift in Sources */ = {isa = PBXBuildFile; fileRef = 1E823A6D2C1B7C880005B2FF /* MockCategoriesService.swift */; };
		1E823A702C1B7CA40005B2FF /* CategoriesServiceTest.swift in Sources */ = {isa = PBXBuildFile; fileRef = 1E823A6F2C1B7CA40005B2FF /* CategoriesServiceTest.swift */; };
		1E823A732C1B7FAC0005B2FF /* AdModelTest.swift in Sources */ = {isa = PBXBuildFile; fileRef = 1E823A722C1B7FAC0005B2FF /* AdModelTest.swift */; };
		1E823A752C1B7FC60005B2FF /* CategoryModelTest.swift in Sources */ = {isa = PBXBuildFile; fileRef = 1E823A742C1B7FC60005B2FF /* CategoryModelTest.swift */; };
		1E823A7A2C1B80FF0005B2FF /* StringExtensionTest.swift in Sources */ = {isa = PBXBuildFile; fileRef = 1E823A792C1B80FF0005B2FF /* StringExtensionTest.swift */; };
		1E823A7C2C1B82250005B2FF /* AdsListViewModelTest.swift in Sources */ = {isa = PBXBuildFile; fileRef = 1E823A7B2C1B82250005B2FF /* AdsListViewModelTest.swift */; };
		1E823A7E2C1B82380005B2FF /* AdViewModelTest.swift in Sources */ = {isa = PBXBuildFile; fileRef = 1E823A7D2C1B82380005B2FF /* AdViewModelTest.swift */; };
		1E823A882C1B837F0005B2FF /* AdDetailsViewModelTest.swift in Sources */ = {isa = PBXBuildFile; fileRef = 1E823A872C1B837F0005B2FF /* AdDetailsViewModelTest.swift */; };
/* End PBXBuildFile section */

/* Begin PBXContainerItemProxy section */
		1E823A122C1AF9B50005B2FF /* PBXContainerItemProxy */ = {
			isa = PBXContainerItemProxy;
			containerPortal = 1E8239F92C1AF9AF0005B2FF /* Project object */;
			proxyType = 1;
			remoteGlobalIDString = 1E823A002C1AF9AF0005B2FF;
			remoteInfo = LBCTechnicalTest;
		};
/* End PBXContainerItemProxy section */

/* Begin PBXFileReference section */
		1E823A012C1AF9AF0005B2FF /* LBCTechnicalTest.app */ = {isa = PBXFileReference; explicitFileType = wrapper.application; includeInIndex = 0; path = LBCTechnicalTest.app; sourceTree = BUILT_PRODUCTS_DIR; };
		1E823A042C1AF9AF0005B2FF /* LBCTechnicalTestApp.swift */ = {isa = PBXFileReference; lastKnownFileType = sourcecode.swift; path = LBCTechnicalTestApp.swift; sourceTree = "<group>"; };
		1E823A082C1AF9B50005B2FF /* Assets.xcassets */ = {isa = PBXFileReference; lastKnownFileType = folder.assetcatalog; path = Assets.xcassets; sourceTree = "<group>"; };
		1E823A0B2C1AF9B50005B2FF /* Preview Assets.xcassets */ = {isa = PBXFileReference; lastKnownFileType = folder.assetcatalog; path = "Preview Assets.xcassets"; sourceTree = "<group>"; };
		1E823A112C1AF9B50005B2FF /* LBCTechnicalTestTests.xctest */ = {isa = PBXFileReference; explicitFileType = wrapper.cfbundle; includeInIndex = 0; path = LBCTechnicalTestTests.xctest; sourceTree = BUILT_PRODUCTS_DIR; };
		1E823A2F2C1AFAC30005B2FF /* NetworkError.swift */ = {isa = PBXFileReference; lastKnownFileType = sourcecode.swift; path = NetworkError.swift; sourceTree = "<group>"; };
		1E823A312C1AFAD30005B2FF /* NetworkClientProtocol.swift */ = {isa = PBXFileReference; lastKnownFileType = sourcecode.swift; path = NetworkClientProtocol.swift; sourceTree = "<group>"; };
		1E823A332C1AFADE0005B2FF /* NetworkClient.swift */ = {isa = PBXFileReference; lastKnownFileType = sourcecode.swift; path = NetworkClient.swift; sourceTree = "<group>"; };
		1E823A372C1AFB1F0005B2FF /* AdDTO.swift */ = {isa = PBXFileReference; lastKnownFileType = sourcecode.swift; path = AdDTO.swift; sourceTree = "<group>"; };
		1E823A392C1AFB2C0005B2FF /* CategoryDTO.swift */ = {isa = PBXFileReference; lastKnownFileType = sourcecode.swift; path = CategoryDTO.swift; sourceTree = "<group>"; };
		1E823A3D2C1AFB590005B2FF /* CategoriesServiceProtocol.swift */ = {isa = PBXFileReference; lastKnownFileType = sourcecode.swift; path = CategoriesServiceProtocol.swift; sourceTree = "<group>"; };
		1E823A3F2C1AFB640005B2FF /* CategoriesService.swift */ = {isa = PBXFileReference; lastKnownFileType = sourcecode.swift; path = CategoriesService.swift; sourceTree = "<group>"; };
		1E823A412C1AFB770005B2FF /* AdsServiceProtocol.swift */ = {isa = PBXFileReference; lastKnownFileType = sourcecode.swift; path = AdsServiceProtocol.swift; sourceTree = "<group>"; };
		1E823A432C1AFB870005B2FF /* AdsService.swift */ = {isa = PBXFileReference; lastKnownFileType = sourcecode.swift; path = AdsService.swift; sourceTree = "<group>"; };
		1E823A462C1AFBAC0005B2FF /* AdModel.swift */ = {isa = PBXFileReference; lastKnownFileType = sourcecode.swift; path = AdModel.swift; sourceTree = "<group>"; };
		1E823A482C1AFBBA0005B2FF /* CategoryModel.swift */ = {isa = PBXFileReference; lastKnownFileType = sourcecode.swift; path = CategoryModel.swift; sourceTree = "<group>"; };
		1E823A4E2C1AFCF50005B2FF /* String+Extension.swift */ = {isa = PBXFileReference; lastKnownFileType = sourcecode.swift; path = "String+Extension.swift"; sourceTree = "<group>"; };
		1E823A502C1AFD7F0005B2FF /* AdsListViewModel.swift */ = {isa = PBXFileReference; lastKnownFileType = sourcecode.swift; path = AdsListViewModel.swift; sourceTree = "<group>"; };
		1E823A522C1AFD8C0005B2FF /* AdsListView.swift */ = {isa = PBXFileReference; lastKnownFileType = sourcecode.swift; path = AdsListView.swift; sourceTree = "<group>"; };
		1E823A542C1AFD9C0005B2FF /* AdViewModel.swift */ = {isa = PBXFileReference; lastKnownFileType = sourcecode.swift; path = AdViewModel.swift; sourceTree = "<group>"; };
		1E823A562C1AFDAD0005B2FF /* AdView.swift */ = {isa = PBXFileReference; lastKnownFileType = sourcecode.swift; path = AdView.swift; sourceTree = "<group>"; };
		1E823A592C1B04AC0005B2FF /* URLImageView.swift */ = {isa = PBXFileReference; lastKnownFileType = sourcecode.swift; path = URLImageView.swift; sourceTree = "<group>"; };
		1E823A5B2C1B04E10005B2FF /* ImageLoader.swift */ = {isa = PBXFileReference; lastKnownFileType = sourcecode.swift; path = ImageLoader.swift; sourceTree = "<group>"; };
		1E823A5D2C1B08CB0005B2FF /* AdDetailsViewModel.swift */ = {isa = PBXFileReference; lastKnownFileType = sourcecode.swift; path = AdDetailsViewModel.swift; sourceTree = "<group>"; };
		1E823A5F2C1B08DE0005B2FF /* AdDetailsView.swift */ = {isa = PBXFileReference; lastKnownFileType = sourcecode.swift; path = AdDetailsView.swift; sourceTree = "<group>"; };
		1E823A612C1B280F0005B2FF /* CategoriesRepository.swift */ = {isa = PBXFileReference; lastKnownFileType = sourcecode.swift; path = CategoriesRepository.swift; sourceTree = "<group>"; };
		1E823A682C1B79BF0005B2FF /* MockAdsService.swift */ = {isa = PBXFileReference; lastKnownFileType = sourcecode.swift; path = MockAdsService.swift; sourceTree = "<group>"; };
		1E823A6A2C1B79D90005B2FF /* AdsServiceTest.swift */ = {isa = PBXFileReference; lastKnownFileType = sourcecode.swift; path = AdsServiceTest.swift; sourceTree = "<group>"; };
		1E823A6D2C1B7C880005B2FF /* MockCategoriesService.swift */ = {isa = PBXFileReference; lastKnownFileType = sourcecode.swift; path = MockCategoriesService.swift; sourceTree = "<group>"; };
		1E823A6F2C1B7CA40005B2FF /* CategoriesServiceTest.swift */ = {isa = PBXFileReference; lastKnownFileType = sourcecode.swift; path = CategoriesServiceTest.swift; sourceTree = "<group>"; };
		1E823A722C1B7FAC0005B2FF /* AdModelTest.swift */ = {isa = PBXFileReference; lastKnownFileType = sourcecode.swift; path = AdModelTest.swift; sourceTree = "<group>"; };
		1E823A742C1B7FC60005B2FF /* CategoryModelTest.swift */ = {isa = PBXFileReference; lastKnownFileType = sourcecode.swift; path = CategoryModelTest.swift; sourceTree = "<group>"; };
		1E823A792C1B80FF0005B2FF /* StringExtensionTest.swift */ = {isa = PBXFileReference; lastKnownFileType = sourcecode.swift; path = StringExtensionTest.swift; sourceTree = "<group>"; };
		1E823A7B2C1B82250005B2FF /* AdsListViewModelTest.swift */ = {isa = PBXFileReference; lastKnownFileType = sourcecode.swift; path = AdsListViewModelTest.swift; sourceTree = "<group>"; };
		1E823A7D2C1B82380005B2FF /* AdViewModelTest.swift */ = {isa = PBXFileReference; lastKnownFileType = sourcecode.swift; path = AdViewModelTest.swift; sourceTree = "<group>"; };
		1E823A872C1B837F0005B2FF /* AdDetailsViewModelTest.swift */ = {isa = PBXFileReference; lastKnownFileType = sourcecode.swift; path = AdDetailsViewModelTest.swift; sourceTree = "<group>"; };
/* End PBXFileReference section */

/* Begin PBXFrameworksBuildPhase section */
		1E8239FE2C1AF9AF0005B2FF /* Frameworks */ = {
			isa = PBXFrameworksBuildPhase;
			buildActionMask = 2147483647;
			files = (
			);
			runOnlyForDeploymentPostprocessing = 0;
		};
		1E823A0E2C1AF9B50005B2FF /* Frameworks */ = {
			isa = PBXFrameworksBuildPhase;
			buildActionMask = 2147483647;
			files = (
			);
			runOnlyForDeploymentPostprocessing = 0;
		};
/* End PBXFrameworksBuildPhase section */

/* Begin PBXGroup section */
		1E8239F82C1AF9AF0005B2FF = {
			isa = PBXGroup;
			children = (
				1E823A032C1AF9AF0005B2FF /* LBCTechnicalTest */,
				1E823A142C1AF9B50005B2FF /* LBCTechnicalTestTests */,
				1E823A022C1AF9AF0005B2FF /* Products */,
			);
			sourceTree = "<group>";
		};
		1E823A022C1AF9AF0005B2FF /* Products */ = {
			isa = PBXGroup;
			children = (
				1E823A012C1AF9AF0005B2FF /* LBCTechnicalTest.app */,
				1E823A112C1AF9B50005B2FF /* LBCTechnicalTestTests.xctest */,
			);
			name = Products;
			sourceTree = "<group>";
		};
		1E823A032C1AF9AF0005B2FF /* LBCTechnicalTest */ = {
			isa = PBXGroup;
			children = (
				1E823A2E2C1AFA910005B2FF /* Network */,
				1E823A352C1AFAE70005B2FF /* Service */,
				1E823A452C1AFB9A0005B2FF /* Model */,
				1E823A4A2C1AFCA30005B2FF /* AdsList */,
				1E823A4C2C1AFCCF0005B2FF /* Details */,
				1E823A582C1B048D0005B2FF /* Utils */,
				1E823A4D2C1AFCDE0005B2FF /* Extensions */,
				1E823A042C1AF9AF0005B2FF /* LBCTechnicalTestApp.swift */,
				1E823A082C1AF9B50005B2FF /* Assets.xcassets */,
				1E823A0A2C1AF9B50005B2FF /* Preview Content */,
			);
			path = LBCTechnicalTest;
			sourceTree = "<group>";
		};
		1E823A0A2C1AF9B50005B2FF /* Preview Content */ = {
			isa = PBXGroup;
			children = (
				1E823A0B2C1AF9B50005B2FF /* Preview Assets.xcassets */,
			);
			path = "Preview Content";
			sourceTree = "<group>";
		};
		1E823A142C1AF9B50005B2FF /* LBCTechnicalTestTests */ = {
			isa = PBXGroup;
			children = (
				1E823A632C1B79060005B2FF /* Service */,
				1E823A712C1B7F810005B2FF /* Models */,
				1E823A772C1B80C60005B2FF /* AdsList */,
				1E823A782C1B80D10005B2FF /* Details */,
				1E823A762C1B80BD0005B2FF /* Extension */,
			);
			path = LBCTechnicalTestTests;
			sourceTree = "<group>";
		};
		1E823A2E2C1AFA910005B2FF /* Network */ = {
			isa = PBXGroup;
			children = (
				1E823A2F2C1AFAC30005B2FF /* NetworkError.swift */,
				1E823A312C1AFAD30005B2FF /* NetworkClientProtocol.swift */,
				1E823A332C1AFADE0005B2FF /* NetworkClient.swift */,
			);
			path = Network;
			sourceTree = "<group>";
		};
		1E823A352C1AFAE70005B2FF /* Service */ = {
			isa = PBXGroup;
			children = (
				1E823A362C1AFB070005B2FF /* DTO */,
				1E823A3C2C1AFB410005B2FF /* AdsService */,
				1E823A3B2C1AFB330005B2FF /* CategoriesService */,
			);
			path = Service;
			sourceTree = "<group>";
		};
		1E823A362C1AFB070005B2FF /* DTO */ = {
			isa = PBXGroup;
			children = (
				1E823A372C1AFB1F0005B2FF /* AdDTO.swift */,
				1E823A392C1AFB2C0005B2FF /* CategoryDTO.swift */,
			);
			path = DTO;
			sourceTree = "<group>";
		};
		1E823A3B2C1AFB330005B2FF /* CategoriesService */ = {
			isa = PBXGroup;
			children = (
				1E823A3D2C1AFB590005B2FF /* CategoriesServiceProtocol.swift */,
				1E823A3F2C1AFB640005B2FF /* CategoriesService.swift */,
				1E823A612C1B280F0005B2FF /* CategoriesRepository.swift */,
			);
			path = CategoriesService;
			sourceTree = "<group>";
		};
		1E823A3C2C1AFB410005B2FF /* AdsService */ = {
			isa = PBXGroup;
			children = (
				1E823A412C1AFB770005B2FF /* AdsServiceProtocol.swift */,
				1E823A432C1AFB870005B2FF /* AdsService.swift */,
			);
			path = AdsService;
			sourceTree = "<group>";
		};
		1E823A452C1AFB9A0005B2FF /* Model */ = {
			isa = PBXGroup;
			children = (
				1E823A462C1AFBAC0005B2FF /* AdModel.swift */,
				1E823A482C1AFBBA0005B2FF /* CategoryModel.swift */,
			);
			path = Model;
			sourceTree = "<group>";
		};
		1E823A4A2C1AFCA30005B2FF /* AdsList */ = {
			isa = PBXGroup;
			children = (
				1E823A502C1AFD7F0005B2FF /* AdsListViewModel.swift */,
				1E823A522C1AFD8C0005B2FF /* AdsListView.swift */,
				1E823A542C1AFD9C0005B2FF /* AdViewModel.swift */,
				1E823A562C1AFDAD0005B2FF /* AdView.swift */,
			);
			path = AdsList;
			sourceTree = "<group>";
		};
		1E823A4C2C1AFCCF0005B2FF /* Details */ = {
			isa = PBXGroup;
			children = (
				1E823A5D2C1B08CB0005B2FF /* AdDetailsViewModel.swift */,
				1E823A5F2C1B08DE0005B2FF /* AdDetailsView.swift */,
			);
			path = Details;
			sourceTree = "<group>";
		};
		1E823A4D2C1AFCDE0005B2FF /* Extensions */ = {
			isa = PBXGroup;
			children = (
				1E823A4E2C1AFCF50005B2FF /* String+Extension.swift */,
			);
			path = Extensions;
			sourceTree = "<group>";
		};
		1E823A582C1B048D0005B2FF /* Utils */ = {
			isa = PBXGroup;
			children = (
				1E823A5B2C1B04E10005B2FF /* ImageLoader.swift */,
				1E823A592C1B04AC0005B2FF /* URLImageView.swift */,
			);
			path = Utils;
			sourceTree = "<group>";
		};
		1E823A632C1B79060005B2FF /* Service */ = {
			isa = PBXGroup;
			children = (
				1E823A642C1B79130005B2FF /* AdsService */,
				1E823A652C1B79410005B2FF /* CategoriesService */,
			);
			path = Service;
			sourceTree = "<group>";
		};
		1E823A642C1B79130005B2FF /* AdsService */ = {
			isa = PBXGroup;
			children = (
				1E823A682C1B79BF0005B2FF /* MockAdsService.swift */,
				1E823A6A2C1B79D90005B2FF /* AdsServiceTest.swift */,
			);
			path = AdsService;
			sourceTree = "<group>";
		};
		1E823A652C1B79410005B2FF /* CategoriesService */ = {
			isa = PBXGroup;
			children = (
				1E823A6D2C1B7C880005B2FF /* MockCategoriesService.swift */,
				1E823A6F2C1B7CA40005B2FF /* CategoriesServiceTest.swift */,
			);
			path = CategoriesService;
			sourceTree = "<group>";
		};
		1E823A712C1B7F810005B2FF /* Models */ = {
			isa = PBXGroup;
			children = (
				1E823A722C1B7FAC0005B2FF /* AdModelTest.swift */,
				1E823A742C1B7FC60005B2FF /* CategoryModelTest.swift */,
			);
			path = Models;
			sourceTree = "<group>";
		};
		1E823A762C1B80BD0005B2FF /* Extension */ = {
			isa = PBXGroup;
			children = (
				1E823A792C1B80FF0005B2FF /* StringExtensionTest.swift */,
			);
			path = Extension;
			sourceTree = "<group>";
		};
		1E823A772C1B80C60005B2FF /* AdsList */ = {
			isa = PBXGroup;
			children = (
				1E823A7B2C1B82250005B2FF /* AdsListViewModelTest.swift */,
				1E823A7D2C1B82380005B2FF /* AdViewModelTest.swift */,
			);
			path = AdsList;
			sourceTree = "<group>";
		};
		1E823A782C1B80D10005B2FF /* Details */ = {
			isa = PBXGroup;
			children = (
				1E823A872C1B837F0005B2FF /* AdDetailsViewModelTest.swift */,
			);
			path = Details;
			sourceTree = "<group>";
		};
/* End PBXGroup section */

/* Begin PBXNativeTarget section */
		1E823A002C1AF9AF0005B2FF /* LBCTechnicalTest */ = {
			isa = PBXNativeTarget;
			buildConfigurationList = 1E823A252C1AF9B50005B2FF /* Build configuration list for PBXNativeTarget "LBCTechnicalTest" */;
			buildPhases = (
				1E8239FD2C1AF9AF0005B2FF /* Sources */,
				1E8239FE2C1AF9AF0005B2FF /* Frameworks */,
				1E8239FF2C1AF9AF0005B2FF /* Resources */,
			);
			buildRules = (
			);
			dependencies = (
			);
			name = LBCTechnicalTest;
			productName = LBCTechnicalTest;
			productReference = 1E823A012C1AF9AF0005B2FF /* LBCTechnicalTest.app */;
			productType = "com.apple.product-type.application";
		};
		1E823A102C1AF9B50005B2FF /* LBCTechnicalTestTests */ = {
			isa = PBXNativeTarget;
			buildConfigurationList = 1E823A282C1AF9B50005B2FF /* Build configuration list for PBXNativeTarget "LBCTechnicalTestTests" */;
			buildPhases = (
				1E823A0D2C1AF9B50005B2FF /* Sources */,
				1E823A0E2C1AF9B50005B2FF /* Frameworks */,
				1E823A0F2C1AF9B50005B2FF /* Resources */,
			);
			buildRules = (
			);
			dependencies = (
				1E823A132C1AF9B50005B2FF /* PBXTargetDependency */,
			);
			name = LBCTechnicalTestTests;
			productName = LBCTechnicalTestTests;
			productReference = 1E823A112C1AF9B50005B2FF /* LBCTechnicalTestTests.xctest */;
			productType = "com.apple.product-type.bundle.unit-test";
		};
/* End PBXNativeTarget section */

/* Begin PBXProject section */
		1E8239F92C1AF9AF0005B2FF /* Project object */ = {
			isa = PBXProject;
			attributes = {
				BuildIndependentTargetsInParallel = 1;
				LastSwiftUpdateCheck = 1520;
				LastUpgradeCheck = 1520;
				TargetAttributes = {
					1E823A002C1AF9AF0005B2FF = {
						CreatedOnToolsVersion = 15.2;
					};
					1E823A102C1AF9B50005B2FF = {
						CreatedOnToolsVersion = 15.2;
						TestTargetID = 1E823A002C1AF9AF0005B2FF;
					};
				};
			};
			buildConfigurationList = 1E8239FC2C1AF9AF0005B2FF /* Build configuration list for PBXProject "LBCTechnicalTest" */;
			compatibilityVersion = "Xcode 14.0";
			developmentRegion = en;
			hasScannedForEncodings = 0;
			knownRegions = (
				en,
				Base,
			);
			mainGroup = 1E8239F82C1AF9AF0005B2FF;
			productRefGroup = 1E823A022C1AF9AF0005B2FF /* Products */;
			projectDirPath = "";
			projectRoot = "";
			targets = (
				1E823A002C1AF9AF0005B2FF /* LBCTechnicalTest */,
				1E823A102C1AF9B50005B2FF /* LBCTechnicalTestTests */,
			);
		};
/* End PBXProject section */

/* Begin PBXResourcesBuildPhase section */
		1E8239FF2C1AF9AF0005B2FF /* Resources */ = {
			isa = PBXResourcesBuildPhase;
			buildActionMask = 2147483647;
			files = (
				1E823A0C2C1AF9B50005B2FF /* Preview Assets.xcassets in Resources */,
				1E823A092C1AF9B50005B2FF /* Assets.xcassets in Resources */,
			);
			runOnlyForDeploymentPostprocessing = 0;
		};
		1E823A0F2C1AF9B50005B2FF /* Resources */ = {
			isa = PBXResourcesBuildPhase;
			buildActionMask = 2147483647;
			files = (
			);
			runOnlyForDeploymentPostprocessing = 0;
		};
/* End PBXResourcesBuildPhase section */

/* Begin PBXSourcesBuildPhase section */
		1E8239FD2C1AF9AF0005B2FF /* Sources */ = {
			isa = PBXSourcesBuildPhase;
			buildActionMask = 2147483647;
			files = (
				1E823A492C1AFBBA0005B2FF /* CategoryModel.swift in Sources */,
				1E823A302C1AFAC30005B2FF /* NetworkError.swift in Sources */,
				1E823A5C2C1B04E10005B2FF /* ImageLoader.swift in Sources */,
				1E823A342C1AFADE0005B2FF /* NetworkClient.swift in Sources */,
				1E823A472C1AFBAC0005B2FF /* AdModel.swift in Sources */,
				1E823A422C1AFB770005B2FF /* AdsServiceProtocol.swift in Sources */,
				1E823A602C1B08DE0005B2FF /* AdDetailsView.swift in Sources */,
				1E823A622C1B280F0005B2FF /* CategoriesRepository.swift in Sources */,
				1E823A382C1AFB1F0005B2FF /* AdDTO.swift in Sources */,
				1E823A3E2C1AFB590005B2FF /* CategoriesServiceProtocol.swift in Sources */,
				1E823A512C1AFD7F0005B2FF /* AdsListViewModel.swift in Sources */,
				1E823A3A2C1AFB2C0005B2FF /* CategoryDTO.swift in Sources */,
				1E823A4F2C1AFCF50005B2FF /* String+Extension.swift in Sources */,
				1E823A442C1AFB870005B2FF /* AdsService.swift in Sources */,
				1E823A532C1AFD8C0005B2FF /* AdsListView.swift in Sources */,
				1E823A322C1AFAD30005B2FF /* NetworkClientProtocol.swift in Sources */,
				1E823A052C1AF9AF0005B2FF /* LBCTechnicalTestApp.swift in Sources */,
				1E823A572C1AFDAD0005B2FF /* AdView.swift in Sources */,
				1E823A402C1AFB640005B2FF /* CategoriesService.swift in Sources */,
				1E823A552C1AFD9C0005B2FF /* AdViewModel.swift in Sources */,
				1E823A5A2C1B04AC0005B2FF /* URLImageView.swift in Sources */,
				1E823A5E2C1B08CB0005B2FF /* AdDetailsViewModel.swift in Sources */,
			);
			runOnlyForDeploymentPostprocessing = 0;
		};
		1E823A0D2C1AF9B50005B2FF /* Sources */ = {
			isa = PBXSourcesBuildPhase;
			buildActionMask = 2147483647;
			files = (
				1E823A732C1B7FAC0005B2FF /* AdModelTest.swift in Sources */,
				1E823A6B2C1B79D90005B2FF /* AdsServiceTest.swift in Sources */,
				1E823A702C1B7CA40005B2FF /* CategoriesServiceTest.swift in Sources */,
				1E823A752C1B7FC60005B2FF /* CategoryModelTest.swift in Sources */,
				1E823A882C1B837F0005B2FF /* AdDetailsViewModelTest.swift in Sources */,
				1E823A692C1B79BF0005B2FF /* MockAdsService.swift in Sources */,
				1E823A7E2C1B82380005B2FF /* AdViewModelTest.swift in Sources */,
				1E823A7C2C1B82250005B2FF /* AdsListViewModelTest.swift in Sources */,
				1E823A6E2C1B7C880005B2FF /* MockCategoriesService.swift in Sources */,
				1E823A7A2C1B80FF0005B2FF /* StringExtensionTest.swift in Sources */,
			);
			runOnlyForDeploymentPostprocessing = 0;
		};
/* End PBXSourcesBuildPhase section */

/* Begin PBXTargetDependency section */
		1E823A132C1AF9B50005B2FF /* PBXTargetDependency */ = {
			isa = PBXTargetDependency;
			target = 1E823A002C1AF9AF0005B2FF /* LBCTechnicalTest */;
			targetProxy = 1E823A122C1AF9B50005B2FF /* PBXContainerItemProxy */;
		};
/* End PBXTargetDependency section */

/* Begin XCBuildConfiguration section */
		1E823A232C1AF9B50005B2FF /* Debug */ = {
			isa = XCBuildConfiguration;
			buildSettings = {
				ALWAYS_SEARCH_USER_PATHS = NO;
				ASSETCATALOG_COMPILER_GENERATE_SWIFT_ASSET_SYMBOL_EXTENSIONS = YES;
				CLANG_ANALYZER_NONNULL = YES;
				CLANG_ANALYZER_NUMBER_OBJECT_CONVERSION = YES_AGGRESSIVE;
				CLANG_CXX_LANGUAGE_STANDARD = "gnu++20";
				CLANG_ENABLE_MODULES = YES;
				CLANG_ENABLE_OBJC_ARC = YES;
				CLANG_ENABLE_OBJC_WEAK = YES;
				CLANG_WARN_BLOCK_CAPTURE_AUTORELEASING = YES;
				CLANG_WARN_BOOL_CONVERSION = YES;
				CLANG_WARN_COMMA = YES;
				CLANG_WARN_CONSTANT_CONVERSION = YES;
				CLANG_WARN_DEPRECATED_OBJC_IMPLEMENTATIONS = YES;
				CLANG_WARN_DIRECT_OBJC_ISA_USAGE = YES_ERROR;
				CLANG_WARN_DOCUMENTATION_COMMENTS = YES;
				CLANG_WARN_EMPTY_BODY = YES;
				CLANG_WARN_ENUM_CONVERSION = YES;
				CLANG_WARN_INFINITE_RECURSION = YES;
				CLANG_WARN_INT_CONVERSION = YES;
				CLANG_WARN_NON_LITERAL_NULL_CONVERSION = YES;
				CLANG_WARN_OBJC_IMPLICIT_RETAIN_SELF = YES;
				CLANG_WARN_OBJC_LITERAL_CONVERSION = YES;
				CLANG_WARN_OBJC_ROOT_CLASS = YES_ERROR;
				CLANG_WARN_QUOTED_INCLUDE_IN_FRAMEWORK_HEADER = YES;
				CLANG_WARN_RANGE_LOOP_ANALYSIS = YES;
				CLANG_WARN_STRICT_PROTOTYPES = YES;
				CLANG_WARN_SUSPICIOUS_MOVE = YES;
				CLANG_WARN_UNGUARDED_AVAILABILITY = YES_AGGRESSIVE;
				CLANG_WARN_UNREACHABLE_CODE = YES;
				CLANG_WARN__DUPLICATE_METHOD_MATCH = YES;
				COPY_PHASE_STRIP = NO;
				DEBUG_INFORMATION_FORMAT = dwarf;
				ENABLE_STRICT_OBJC_MSGSEND = YES;
				ENABLE_TESTABILITY = YES;
				ENABLE_USER_SCRIPT_SANDBOXING = YES;
				GCC_C_LANGUAGE_STANDARD = gnu17;
				GCC_DYNAMIC_NO_PIC = NO;
				GCC_NO_COMMON_BLOCKS = YES;
				GCC_OPTIMIZATION_LEVEL = 0;
				GCC_PREPROCESSOR_DEFINITIONS = (
					"DEBUG=1",
					"$(inherited)",
				);
				GCC_WARN_64_TO_32_BIT_CONVERSION = YES;
				GCC_WARN_ABOUT_RETURN_TYPE = YES_ERROR;
				GCC_WARN_UNDECLARED_SELECTOR = YES;
				GCC_WARN_UNINITIALIZED_AUTOS = YES_AGGRESSIVE;
				GCC_WARN_UNUSED_FUNCTION = YES;
				GCC_WARN_UNUSED_VARIABLE = YES;
				IPHONEOS_DEPLOYMENT_TARGET = 17.2;
				LOCALIZATION_PREFERS_STRING_CATALOGS = YES;
				MTL_ENABLE_DEBUG_INFO = INCLUDE_SOURCE;
				MTL_FAST_MATH = YES;
				ONLY_ACTIVE_ARCH = YES;
				SDKROOT = iphoneos;
				SWIFT_ACTIVE_COMPILATION_CONDITIONS = "DEBUG $(inherited)";
				SWIFT_OPTIMIZATION_LEVEL = "-Onone";
			};
			name = Debug;
		};
		1E823A242C1AF9B50005B2FF /* Release */ = {
			isa = XCBuildConfiguration;
			buildSettings = {
				ALWAYS_SEARCH_USER_PATHS = NO;
				ASSETCATALOG_COMPILER_GENERATE_SWIFT_ASSET_SYMBOL_EXTENSIONS = YES;
				CLANG_ANALYZER_NONNULL = YES;
				CLANG_ANALYZER_NUMBER_OBJECT_CONVERSION = YES_AGGRESSIVE;
				CLANG_CXX_LANGUAGE_STANDARD = "gnu++20";
				CLANG_ENABLE_MODULES = YES;
				CLANG_ENABLE_OBJC_ARC = YES;
				CLANG_ENABLE_OBJC_WEAK = YES;
				CLANG_WARN_BLOCK_CAPTURE_AUTORELEASING = YES;
				CLANG_WARN_BOOL_CONVERSION = YES;
				CLANG_WARN_COMMA = YES;
				CLANG_WARN_CONSTANT_CONVERSION = YES;
				CLANG_WARN_DEPRECATED_OBJC_IMPLEMENTATIONS = YES;
				CLANG_WARN_DIRECT_OBJC_ISA_USAGE = YES_ERROR;
				CLANG_WARN_DOCUMENTATION_COMMENTS = YES;
				CLANG_WARN_EMPTY_BODY = YES;
				CLANG_WARN_ENUM_CONVERSION = YES;
				CLANG_WARN_INFINITE_RECURSION = YES;
				CLANG_WARN_INT_CONVERSION = YES;
				CLANG_WARN_NON_LITERAL_NULL_CONVERSION = YES;
				CLANG_WARN_OBJC_IMPLICIT_RETAIN_SELF = YES;
				CLANG_WARN_OBJC_LITERAL_CONVERSION = YES;
				CLANG_WARN_OBJC_ROOT_CLASS = YES_ERROR;
				CLANG_WARN_QUOTED_INCLUDE_IN_FRAMEWORK_HEADER = YES;
				CLANG_WARN_RANGE_LOOP_ANALYSIS = YES;
				CLANG_WARN_STRICT_PROTOTYPES = YES;
				CLANG_WARN_SUSPICIOUS_MOVE = YES;
				CLANG_WARN_UNGUARDED_AVAILABILITY = YES_AGGRESSIVE;
				CLANG_WARN_UNREACHABLE_CODE = YES;
				CLANG_WARN__DUPLICATE_METHOD_MATCH = YES;
				COPY_PHASE_STRIP = NO;
				DEBUG_INFORMATION_FORMAT = "dwarf-with-dsym";
				ENABLE_NS_ASSERTIONS = NO;
				ENABLE_STRICT_OBJC_MSGSEND = YES;
				ENABLE_USER_SCRIPT_SANDBOXING = YES;
				GCC_C_LANGUAGE_STANDARD = gnu17;
				GCC_NO_COMMON_BLOCKS = YES;
				GCC_WARN_64_TO_32_BIT_CONVERSION = YES;
				GCC_WARN_ABOUT_RETURN_TYPE = YES_ERROR;
				GCC_WARN_UNDECLARED_SELECTOR = YES;
				GCC_WARN_UNINITIALIZED_AUTOS = YES_AGGRESSIVE;
				GCC_WARN_UNUSED_FUNCTION = YES;
				GCC_WARN_UNUSED_VARIABLE = YES;
				IPHONEOS_DEPLOYMENT_TARGET = 17.2;
				LOCALIZATION_PREFERS_STRING_CATALOGS = YES;
				MTL_ENABLE_DEBUG_INFO = NO;
				MTL_FAST_MATH = YES;
				SDKROOT = iphoneos;
				SWIFT_COMPILATION_MODE = wholemodule;
				VALIDATE_PRODUCT = YES;
			};
			name = Release;
		};
		1E823A262C1AF9B50005B2FF /* Debug */ = {
			isa = XCBuildConfiguration;
			buildSettings = {
				ASSETCATALOG_COMPILER_APPICON_NAME = AppIcon;
				ASSETCATALOG_COMPILER_GLOBAL_ACCENT_COLOR_NAME = AccentColor;
				CODE_SIGN_STYLE = Automatic;
				CURRENT_PROJECT_VERSION = 1;
				DEVELOPMENT_ASSET_PATHS = "\"LBCTechnicalTest/Preview Content\"";
				ENABLE_PREVIEWS = YES;
				GENERATE_INFOPLIST_FILE = YES;
				INFOPLIST_KEY_UIApplicationSceneManifest_Generation = YES;
				INFOPLIST_KEY_UIApplicationSupportsIndirectInputEvents = YES;
				INFOPLIST_KEY_UILaunchScreen_Generation = YES;
				INFOPLIST_KEY_UISupportedInterfaceOrientations_iPad = "UIInterfaceOrientationPortrait UIInterfaceOrientationPortraitUpsideDown UIInterfaceOrientationLandscapeLeft UIInterfaceOrientationLandscapeRight";
				INFOPLIST_KEY_UISupportedInterfaceOrientations_iPhone = "UIInterfaceOrientationPortrait UIInterfaceOrientationLandscapeLeft UIInterfaceOrientationLandscapeRight";
				LD_RUNPATH_SEARCH_PATHS = (
					"$(inherited)",
					"@executable_path/Frameworks",
				);
				MARKETING_VERSION = 1.0;
				PRODUCT_BUNDLE_IDENTIFIER = com.naderfadhl.LBCTechnicalTest;
				PRODUCT_NAME = "$(TARGET_NAME)";
				SWIFT_EMIT_LOC_STRINGS = YES;
				SWIFT_VERSION = 5.0;
				TARGETED_DEVICE_FAMILY = "1,2";
			};
			name = Debug;
		};
		1E823A272C1AF9B50005B2FF /* Release */ = {
			isa = XCBuildConfiguration;
			buildSettings = {
				ASSETCATALOG_COMPILER_APPICON_NAME = AppIcon;
				ASSETCATALOG_COMPILER_GLOBAL_ACCENT_COLOR_NAME = AccentColor;
				CODE_SIGN_STYLE = Automatic;
				CURRENT_PROJECT_VERSION = 1;
				DEVELOPMENT_ASSET_PATHS = "\"LBCTechnicalTest/Preview Content\"";
				ENABLE_PREVIEWS = YES;
				GENERATE_INFOPLIST_FILE = YES;
				INFOPLIST_KEY_UIApplicationSceneManifest_Generation = YES;
				INFOPLIST_KEY_UIApplicationSupportsIndirectInputEvents = YES;
				INFOPLIST_KEY_UILaunchScreen_Generation = YES;
				INFOPLIST_KEY_UISupportedInterfaceOrientations_iPad = "UIInterfaceOrientationPortrait UIInterfaceOrientationPortraitUpsideDown UIInterfaceOrientationLandscapeLeft UIInterfaceOrientationLandscapeRight";
				INFOPLIST_KEY_UISupportedInterfaceOrientations_iPhone = "UIInterfaceOrientationPortrait UIInterfaceOrientationLandscapeLeft UIInterfaceOrientationLandscapeRight";
				LD_RUNPATH_SEARCH_PATHS = (
					"$(inherited)",
					"@executable_path/Frameworks",
				);
				MARKETING_VERSION = 1.0;
				PRODUCT_BUNDLE_IDENTIFIER = com.naderfadhl.LBCTechnicalTest;
				PRODUCT_NAME = "$(TARGET_NAME)";
				SWIFT_EMIT_LOC_STRINGS = YES;
				SWIFT_VERSION = 5.0;
				TARGETED_DEVICE_FAMILY = "1,2";
			};
			name = Release;
		};
		1E823A292C1AF9B50005B2FF /* Debug */ = {
			isa = XCBuildConfiguration;
			buildSettings = {
				ALWAYS_EMBED_SWIFT_STANDARD_LIBRARIES = YES;
				BUNDLE_LOADER = "$(TEST_HOST)";
				CODE_SIGN_STYLE = Automatic;
				CURRENT_PROJECT_VERSION = 1;
				GENERATE_INFOPLIST_FILE = YES;
				IPHONEOS_DEPLOYMENT_TARGET = 17.2;
				MARKETING_VERSION = 1.0;
				PRODUCT_BUNDLE_IDENTIFIER = com.naderfadhl.LBCTechnicalTestTests;
				PRODUCT_NAME = "$(TARGET_NAME)";
				SWIFT_EMIT_LOC_STRINGS = NO;
				SWIFT_VERSION = 5.0;
				TARGETED_DEVICE_FAMILY = "1,2";
				TEST_HOST = "$(BUILT_PRODUCTS_DIR)/LBCTechnicalTest.app/$(BUNDLE_EXECUTABLE_FOLDER_PATH)/LBCTechnicalTest";
			};
			name = Debug;
		};
		1E823A2A2C1AF9B50005B2FF /* Release */ = {
			isa = XCBuildConfiguration;
			buildSettings = {
				ALWAYS_EMBED_SWIFT_STANDARD_LIBRARIES = YES;
				BUNDLE_LOADER = "$(TEST_HOST)";
				CODE_SIGN_STYLE = Automatic;
				CURRENT_PROJECT_VERSION = 1;
				GENERATE_INFOPLIST_FILE = YES;
				IPHONEOS_DEPLOYMENT_TARGET = 17.2;
				MARKETING_VERSION = 1.0;
				PRODUCT_BUNDLE_IDENTIFIER = com.naderfadhl.LBCTechnicalTestTests;
				PRODUCT_NAME = "$(TARGET_NAME)";
				SWIFT_EMIT_LOC_STRINGS = NO;
				SWIFT_VERSION = 5.0;
				TARGETED_DEVICE_FAMILY = "1,2";
				TEST_HOST = "$(BUILT_PRODUCTS_DIR)/LBCTechnicalTest.app/$(BUNDLE_EXECUTABLE_FOLDER_PATH)/LBCTechnicalTest";
			};
			name = Release;
		};
/* End XCBuildConfiguration section */

/* Begin XCConfigurationList section */
		1E8239FC2C1AF9AF0005B2FF /* Build configuration list for PBXProject "LBCTechnicalTest" */ = {
			isa = XCConfigurationList;
			buildConfigurations = (
				1E823A232C1AF9B50005B2FF /* Debug */,
				1E823A242C1AF9B50005B2FF /* Release */,
			);
			defaultConfigurationIsVisible = 0;
			defaultConfigurationName = Release;
		};
		1E823A252C1AF9B50005B2FF /* Build configuration list for PBXNativeTarget "LBCTechnicalTest" */ = {
			isa = XCConfigurationList;
			buildConfigurations = (
				1E823A262C1AF9B50005B2FF /* Debug */,
				1E823A272C1AF9B50005B2FF /* Release */,
			);
			defaultConfigurationIsVisible = 0;
			defaultConfigurationName = Release;
		};
		1E823A282C1AF9B50005B2FF /* Build configuration list for PBXNativeTarget "LBCTechnicalTestTests" */ = {
			isa = XCConfigurationList;
			buildConfigurations = (
				1E823A292C1AF9B50005B2FF /* Debug */,
				1E823A2A2C1AF9B50005B2FF /* Release */,
			);
			defaultConfigurationIsVisible = 0;
			defaultConfigurationName = Release;
		};
/* End XCConfigurationList section */
	};
	rootObject = 1E8239F92C1AF9AF0005B2FF /* Project object */;
}
